
Microsoft Visual Studio Solution File, Format Version 12.00
# Visual Studio 14
VisualStudioVersion = 14.0.25420.1
MinimumVisualStudioVersion = 10.0.40219.1
Project("{FAE04EC0-301F-11D3-BF4B-00C04F79EFBC}") = "DataAccess", "DataAccess\DataAccess.csproj", "{D0684B7E-5FF3-487D-A307-23B7F1C3359F}"
EndProject
Project("{FAE04EC0-301F-11D3-BF4B-00C04F79EFBC}") = "Nexteer", "Nexteer\Nexteer.csproj", "{B38244E4-DABA-4FE5-8CB8-CA9041FAFC26}"
EndProject
Global
	GlobalSection(SolutionConfigurationPlatforms) = preSolution
		Debug|Any CPU = Debug|Any CPU
		Release|Any CPU = Release|Any CPU
	EndGlobalSection
	GlobalSection(ProjectConfigurationPlatforms) = postSolution
		{D0684B7E-5FF3-487D-A307-23B7F1C3359F}.Debug|Any CPU.ActiveCfg = Debug|Any CPU
		{D0684B7E-5FF3-487D-A307-23B7F1C3359F}.Debug|Any CPU.Build.0 = Debug|Any CPU
		{D0684B7E-5FF3-487D-A307-23B7F1C3359F}.Release|Any CPU.ActiveCfg = Release|Any CPU
		{D0684B7E-5FF3-487D-A307-23B7F1C3359F}.Release|Any CPU.Build.0 = Release|Any CPU
		{B38244E4-DABA-4FE5-8CB8-CA9041FAFC26}.Debug|Any CPU.ActiveCfg = Debug|Any CPU
		{B38244E4-DABA-4FE5-8CB8-CA9041FAFC26}.Debug|Any CPU.Build.0 = Debug|Any CPU
		{B38244E4-DABA-4FE5-8CB8-CA9041FAFC26}.Release|Any CPU.ActiveCfg = Release|Any CPU
		{B38244E4-DABA-4FE5-8CB8-CA9041FAFC26}.Release|Any CPU.Build.0 = Release|Any CPU
	EndGlobalSection
	GlobalSection(SolutionProperties) = preSolution
		HideSolutionNode = FALSE
	EndGlobalSection
EndGlobal
